
Microsoft Visual Studio Solution File, Format Version 12.00
# Visual Studio Version 17
VisualStudioVersion = 17.4.33122.133
MinimumVisualStudioVersion = 10.0.40219.1
Project("{FAE04EC0-301F-11D3-BF4B-00C04F79EFBC}") = "AoC_2022_1", "AoC_2022_1.csproj", "{0557FBD6-75DC-428D-B601-FA4F8AAD90C8}"
EndProject
Global
	GlobalSection(SolutionConfigurationPlatforms) = preSolution
		Debug|Any CPU = Debug|Any CPU
		Release|Any CPU = Release|Any CPU
	EndGlobalSection
	GlobalSection(ProjectConfigurationPlatforms) = postSolution
		{0557FBD6-75DC-428D-B601-FA4F8AAD90C8}.Debug|Any CPU.ActiveCfg = Debug|Any CPU
		{0557FBD6-75DC-428D-B601-FA4F8AAD90C8}.Debug|Any CPU.Build.0 = Debug|Any CPU
		{0557FBD6-75DC-428D-B601-FA4F8AAD90C8}.Release|Any CPU.ActiveCfg = Release|Any CPU
		{0557FBD6-75DC-428D-B601-FA4F8AAD90C8}.Release|Any CPU.Build.0 = Release|Any CPU
	EndGlobalSection
	GlobalSection(SolutionProperties) = preSolution
		HideSolutionNode = FALSE
	EndGlobalSection
	GlobalSection(ExtensibilityGlobals) = postSolution
		SolutionGuid = {EADA640C-ECA7-4785-98AE-611B651D5A19}
	EndGlobalSection
EndGlobal
